
Microsoft Visual Studio Solution File, Format Version 12.00
# Visual Studio 2013
VisualStudioVersion = 12.0.31101.0
MinimumVisualStudioVersion = 10.0.40219.1
Project("{FAE04EC0-301F-11D3-BF4B-00C04F79EFBC}") = "Wetu_Service", "Wetu_Service\Wetu_Service.csproj", "{91B1B69A-AAEF-4FB9-A166-0574861F3A16}"
EndProject
Global
	GlobalSection(SolutionConfigurationPlatforms) = preSolution
		Debug|Any CPU = Debug|Any CPU
		Release|Any CPU = Release|Any CPU
	EndGlobalSection
	GlobalSection(ProjectConfigurationPlatforms) = postSolution
		{91B1B69A-AAEF-4FB9-A166-0574861F3A16}.Debug|Any CPU.ActiveCfg = Debug|Any CPU
		{91B1B69A-AAEF-4FB9-A166-0574861F3A16}.Debug|Any CPU.Build.0 = Debug|Any CPU
		{91B1B69A-AAEF-4FB9-A166-0574861F3A16}.Release|Any CPU.ActiveCfg = Release|Any CPU
		{91B1B69A-AAEF-4FB9-A166-0574861F3A16}.Release|Any CPU.Build.0 = Release|Any CPU
	EndGlobalSection
	GlobalSection(SolutionProperties) = preSolution
		HideSolutionNode = FALSE
	EndGlobalSection
EndGlobal
