
Microsoft Visual Studio Solution File, Format Version 12.00
# Visual Studio 2013
VisualStudioVersion = 12.0.31101.0
MinimumVisualStudioVersion = 10.0.40219.1
Project("{FAE04EC0-301F-11D3-BF4B-00C04F79EFBC}") = "Wetu_Console_Service", "Wetu_Console_Service\Wetu_Console_Service.csproj", "{189A8377-E418-4C4D-B481-CCFCE4B8530C}"
EndProject
Global
	GlobalSection(SolutionConfigurationPlatforms) = preSolution
		Debug|Any CPU = Debug|Any CPU
		Release|Any CPU = Release|Any CPU
	EndGlobalSection
	GlobalSection(ProjectConfigurationPlatforms) = postSolution
		{189A8377-E418-4C4D-B481-CCFCE4B8530C}.Debug|Any CPU.ActiveCfg = Debug|Any CPU
		{189A8377-E418-4C4D-B481-CCFCE4B8530C}.Debug|Any CPU.Build.0 = Debug|Any CPU
		{189A8377-E418-4C4D-B481-CCFCE4B8530C}.Release|Any CPU.ActiveCfg = Release|Any CPU
		{189A8377-E418-4C4D-B481-CCFCE4B8530C}.Release|Any CPU.Build.0 = Release|Any CPU
	EndGlobalSection
	GlobalSection(SolutionProperties) = preSolution
		HideSolutionNode = FALSE
	EndGlobalSection
EndGlobal
